
Microsoft Visual Studio Solution File, Format Version 12.00
# Visual Studio Version 17
VisualStudioVersion = 17.14.36603.0 d17.14
MinimumVisualStudioVersion = 10.0.40219.1
Project("{FAE04EC0-301F-11D3-BF4B-00C04F79EFBC}") = "Cafea", "Cafea.csproj", "{22B7BF0C-823B-4B3A-841B-8FC999B6E509}"
EndProject
Global
	GlobalSection(SolutionConfigurationPlatforms) = preSolution
		Debug|Any CPU = Debug|Any CPU
		Release|Any CPU = Release|Any CPU
	EndGlobalSection
	GlobalSection(ProjectConfigurationPlatforms) = postSolution
		{22B7BF0C-823B-4B3A-841B-8FC999B6E509}.Debug|Any CPU.ActiveCfg = Debug|Any CPU
		{22B7BF0C-823B-4B3A-841B-8FC999B6E509}.Debug|Any CPU.Build.0 = Debug|Any CPU
		{22B7BF0C-823B-4B3A-841B-8FC999B6E509}.Release|Any CPU.ActiveCfg = Release|Any CPU
		{22B7BF0C-823B-4B3A-841B-8FC999B6E509}.Release|Any CPU.Build.0 = Release|Any CPU
	EndGlobalSection
	GlobalSection(SolutionProperties) = preSolution
		HideSolutionNode = FALSE
	EndGlobalSection
	GlobalSection(ExtensibilityGlobals) = postSolution
		SolutionGuid = {FDDF9ABA-8445-4E0A-92BF-97EB457C20C7}
	EndGlobalSection
EndGlobal
